
Microsoft Visual Studio Solution File, Format Version 12.00
# Visual Studio Version 17
VisualStudioVersion = 17.5.002.0
MinimumVisualStudioVersion = 10.0.40219.1
Project("{9A19103F-16F7-4668-BE54-9A1E7A4F7556}") = "LiteDB_Py_Demo", "LiteDB_Py_Demo.csproj", "{E967E8E5-2FAD-4CD1-B4E1-FC1733A5D3F6}"
EndProject
Global
	GlobalSection(SolutionConfigurationPlatforms) = preSolution
		Debug|Any CPU = Debug|Any CPU
		Release|Any CPU = Release|Any CPU
	EndGlobalSection
	GlobalSection(ProjectConfigurationPlatforms) = postSolution
		{E967E8E5-2FAD-4CD1-B4E1-FC1733A5D3F6}.Debug|Any CPU.ActiveCfg = Debug|Any CPU
		{E967E8E5-2FAD-4CD1-B4E1-FC1733A5D3F6}.Debug|Any CPU.Build.0 = Debug|Any CPU
		{E967E8E5-2FAD-4CD1-B4E1-FC1733A5D3F6}.Release|Any CPU.ActiveCfg = Release|Any CPU
		{E967E8E5-2FAD-4CD1-B4E1-FC1733A5D3F6}.Release|Any CPU.Build.0 = Release|Any CPU
	EndGlobalSection
	GlobalSection(SolutionProperties) = preSolution
		HideSolutionNode = FALSE
	EndGlobalSection
	GlobalSection(ExtensibilityGlobals) = postSolution
		SolutionGuid = {2BFFA130-3CE6-4874-9F92-8CF8DE049199}
	EndGlobalSection
EndGlobal
